
Microsoft Visual Studio Solution File, Format Version 12.00
# Visual Studio 15
VisualStudioVersion = 15.0.28307.329
MinimumVisualStudioVersion = 10.0.40219.1
Project("{FAE04EC0-301F-11D3-BF4B-00C04F79EFBC}") = "KellanUtilityLibrary", "KellanUtilityLibrary\KellanUtilityLibrary.csproj", "{DB2D2401-0CA6-44A2-977F-E438114AE9C9}"
EndProject
Project("{FAE04EC0-301F-11D3-BF4B-00C04F79EFBC}") = "TestKellanUtilityLibrary", "TestKellanUtilityLibrary\TestKellanUtilityLibrary.csproj", "{21776AF0-5194-4DDB-B9CB-4DA9D78475FC}"
EndProject
Global
	GlobalSection(SolutionConfigurationPlatforms) = preSolution
		Debug|Any CPU = Debug|Any CPU
		Release|Any CPU = Release|Any CPU
	EndGlobalSection
	GlobalSection(ProjectConfigurationPlatforms) = postSolution
		{DB2D2401-0CA6-44A2-977F-E438114AE9C9}.Debug|Any CPU.ActiveCfg = Debug|Any CPU
		{DB2D2401-0CA6-44A2-977F-E438114AE9C9}.Debug|Any CPU.Build.0 = Debug|Any CPU
		{DB2D2401-0CA6-44A2-977F-E438114AE9C9}.Release|Any CPU.ActiveCfg = Release|Any CPU
		{DB2D2401-0CA6-44A2-977F-E438114AE9C9}.Release|Any CPU.Build.0 = Release|Any CPU
		{21776AF0-5194-4DDB-B9CB-4DA9D78475FC}.Debug|Any CPU.ActiveCfg = Debug|Any CPU
		{21776AF0-5194-4DDB-B9CB-4DA9D78475FC}.Debug|Any CPU.Build.0 = Debug|Any CPU
		{21776AF0-5194-4DDB-B9CB-4DA9D78475FC}.Release|Any CPU.ActiveCfg = Release|Any CPU
		{21776AF0-5194-4DDB-B9CB-4DA9D78475FC}.Release|Any CPU.Build.0 = Release|Any CPU
	EndGlobalSection
	GlobalSection(SolutionProperties) = preSolution
		HideSolutionNode = FALSE
	EndGlobalSection
	GlobalSection(ExtensibilityGlobals) = postSolution
		SolutionGuid = {6BF931D2-E851-4CCB-8124-568DCD2BAF2E}
	EndGlobalSection
EndGlobal
